
Microsoft Visual Studio Solution File, Format Version 12.00
# Visual Studio Version 17
VisualStudioVersion = 17.11.35312.102
MinimumVisualStudioVersion = 10.0.40219.1
Project("{FAE04EC0-301F-11D3-BF4B-00C04F79EFBC}") = "sdk", "sdk\sdk.csproj", "{C53F426E-CB39-4363-B65F-0CB2DFA01265}"
EndProject
Global
	GlobalSection(SolutionConfigurationPlatforms) = preSolution
		Debug|Any CPU = Debug|Any CPU
		Release|Any CPU = Release|Any CPU
	EndGlobalSection
	GlobalSection(ProjectConfigurationPlatforms) = postSolution
		{C53F426E-CB39-4363-B65F-0CB2DFA01265}.Debug|Any CPU.ActiveCfg = Debug|Any CPU
		{C53F426E-CB39-4363-B65F-0CB2DFA01265}.Debug|Any CPU.Build.0 = Debug|Any CPU
		{C53F426E-CB39-4363-B65F-0CB2DFA01265}.Release|Any CPU.ActiveCfg = Release|Any CPU
		{C53F426E-CB39-4363-B65F-0CB2DFA01265}.Release|Any CPU.Build.0 = Release|Any CPU
	EndGlobalSection
	GlobalSection(SolutionProperties) = preSolution
		HideSolutionNode = FALSE
	EndGlobalSection
	GlobalSection(ExtensibilityGlobals) = postSolution
		SolutionGuid = {2A12E944-F843-45FF-8D83-32C11EFA9E42}
	EndGlobalSection
EndGlobal
